
Microsoft Visual Studio Solution File, Format Version 12.00
# Visual Studio 15
Project("{FAE04EC0-301F-11D3-BF4B-00C04F79EFBC}") = "Monster_Rush", "Assembly-CSharp.csproj", "{861355F6-1CA2-A738-1C10-41C5D3A20834}"
EndProject
Global
	GlobalSection(SolutionConfigurationPlatforms) = preSolution
		Debug|Any CPU = Debug|Any CPU
		Release|Any CPU = Release|Any CPU
	EndGlobalSection
	GlobalSection(ProjectConfigurationPlatforms) = postSolution
		{861355F6-1CA2-A738-1C10-41C5D3A20834}.Debug|Any CPU.ActiveCfg = Debug|Any CPU
		{861355F6-1CA2-A738-1C10-41C5D3A20834}.Debug|Any CPU.Build.0 = Debug|Any CPU
		{861355F6-1CA2-A738-1C10-41C5D3A20834}.Release|Any CPU.ActiveCfg = Release|Any CPU
		{861355F6-1CA2-A738-1C10-41C5D3A20834}.Release|Any CPU.Build.0 = Release|Any CPU
	EndGlobalSection
	GlobalSection(SolutionProperties) = preSolution
		HideSolutionNode = FALSE
	EndGlobalSection
EndGlobal
